{
  "object": {
    "pins": [
      {
        "package": "Alamofire",
        "repositoryURL": "https://github.com/Alamofire/Alamofire",
        "state": {
          "branch": null,
          "revision": "becd9a729a37bdbef5bc39dc3c702b99f9e3d046",
          "version": "5.2.2"
        }
      },
      {
        "package": "SFSafeSymbols",
        "repositoryURL": "https://github.com/piknotech/SFSafeSymbols.git",
        "state": {
          "branch": null,
          "revision": "31a99db357f2b839a18ab598c4aa87a741bd6009",
          "version": "1.2.0"
        }
      }
    ]
  },
  "version": 1
}
